{
  "name": "waybill-fixture-npm-root",
  "version": "0.1.0",
  "lockfileVersion": 3,
  "requires": true,
  "packages": {
    "": {
      "name": "waybill-fixture-npm-root",
      "version": "0.1.0",
      "workspaces": ["packages/*"],
      "dependencies": {
        "waybill-fixture-npm-lib-x": "1.0.0"
      }
    },
    "packages/waybill-fixture-npm-a": {
      "version": "0.1.0",
      "dependencies": {
        "waybill-fixture-npm-lib-x": "^1.0.0",
        "waybill-fixture-npm-lib-y": "^2.1.0"
      }
    },
    "packages/waybill-fixture-npm-b": {
      "version": "0.1.0",
      "dependencies": {
        "waybill-fixture-npm-lib-z": "^0.5.3"
      }
    },
    "node_modules/waybill-fixture-npm-a": {
      "resolved": "packages/waybill-fixture-npm-a",
      "link": true
    },
    "node_modules/waybill-fixture-npm-b": {
      "resolved": "packages/waybill-fixture-npm-b",
      "link": true
    },
    "node_modules/waybill-fixture-npm-lib-x": {
      "version": "1.0.0",
      "resolved": "https://registry.npmjs.org/waybill-fixture-npm-lib-x/-/waybill-fixture-npm-lib-x-1.0.0.tgz",
      "integrity": "sha512-AAAAAAAAAAAAAAAAAAAAAAAAAAAAAAAAAAAAAAAAAAAAAAAAAAAAAAAAAAAAAAAAAAAAAAAAAAAAAAAAAAAAAAAAAAAAAAAAAAAAAA=="
    },
    "node_modules/waybill-fixture-npm-lib-y": {
      "version": "2.1.0",
      "resolved": "https://registry.npmjs.org/waybill-fixture-npm-lib-y/-/waybill-fixture-npm-lib-y-2.1.0.tgz",
      "integrity": "sha512-BBBBBBBBBBBBBBBBBBBBBBBBBBBBBBBBBBBBBBBBBBBBBBBBBBBBBBBBBBBBBBBBBBBBBBBBBBBBBBBBBBBBBBBBBBBBBBBBBBBBBB==",
      "dependencies": {
        "waybill-fixture-npm-lib-shared": "^0.9.0"
      }
    },
    "node_modules/waybill-fixture-npm-lib-z": {
      "version": "0.5.3",
      "resolved": "https://registry.npmjs.org/waybill-fixture-npm-lib-z/-/waybill-fixture-npm-lib-z-0.5.3.tgz",
      "integrity": "sha512-CCCCCCCCCCCCCCCCCCCCCCCCCCCCCCCCCCCCCCCCCCCCCCCCCCCCCCCCCCCCCCCCCCCCCCCCCCCCCCCCCCCCCCCCCCCCCCCCCCCCCC==",
      "dependencies": {
        "waybill-fixture-npm-lib-shared": "^0.9.0"
      }
    },
    "node_modules/waybill-fixture-npm-lib-shared": {
      "version": "0.9.0",
      "resolved": "https://registry.npmjs.org/waybill-fixture-npm-lib-shared/-/waybill-fixture-npm-lib-shared-0.9.0.tgz",
      "integrity": "sha512-DDDDDDDDDDDDDDDDDDDDDDDDDDDDDDDDDDDDDDDDDDDDDDDDDDDDDDDDDDDDDDDDDDDDDDDDDDDDDDDDDDDDDDDDDDDDDDDDDDDDDD=="
    }
  }
}
