{
  "name": "scoped-fixture",
  "version": "0.1.0",
  "lockfileVersion": 3,
  "requires": true,
  "packages": {
    "": {
      "name": "scoped-fixture",
      "version": "0.1.0",
      "dependencies": {
        "@angular/core": "^16.0.0"
      }
    },
    "node_modules/@angular/core": {
      "version": "16.2.12",
      "resolved": "https://registry.npmjs.org/@angular/core/-/core-16.2.12.tgz",
      "integrity": "sha512-QFSS6UGz6HSBLhZzJKt0Fp8zQxhTmLkZxJgaa8nvbsbJ5tKZjIPhPk0htvxS5d5tv6e/KrYY1cl4yIY0QV1E0g==",
      "license": "MIT"
    }
  }
}
