GEM
  remote: https://rubygems.org/
  specs:
    waybill-fixture-gem-adapter-a (0.4.0)
      waybill-fixture-gem-lib-shared (~> 0.9)
    waybill-fixture-gem-adapter-b (1.1.2)
      waybill-fixture-gem-adapter-a (~> 0.4)
    waybill-fixture-gem-adapter-c (2.2.5)
      waybill-fixture-gem-adapter-b (~> 1.1)
      waybill-fixture-gem-lib-core (~> 1.2)
    waybill-fixture-gem-client-advanced (2.3.1)
      waybill-fixture-gem-client-basic (~> 1.0)
      waybill-fixture-gem-lib-utils (~> 2.0)
    waybill-fixture-gem-client-basic (1.0.0)
      waybill-fixture-gem-lib-shared (~> 0.9)
    waybill-fixture-gem-lib-alpha (3.2.1)
      waybill-fixture-gem-lib-core (~> 1.2)
    waybill-fixture-gem-lib-beta (1.0.0)
      waybill-fixture-gem-lib-alpha (~> 3.2)
    waybill-fixture-gem-lib-core (1.2.0)
    waybill-fixture-gem-lib-delta (2.7.0)
      waybill-fixture-gem-lib-gamma (~> 0.4)
    waybill-fixture-gem-lib-emitter (0.7.2)
      waybill-fixture-gem-lib-utils (~> 2.0)
    waybill-fixture-gem-lib-epsilon (1.1.1)
      waybill-fixture-gem-lib-utils (~> 2.0)
    waybill-fixture-gem-lib-eta (4.0.2)
      waybill-fixture-gem-lib-core (~> 1.2)
      waybill-fixture-gem-lib-utils (~> 2.0)
    waybill-fixture-gem-lib-gamma (0.4.2)
      waybill-fixture-gem-lib-beta (~> 1.0)
      waybill-fixture-gem-lib-utils (~> 2.0)
    waybill-fixture-gem-lib-iota (0.2.7)
      waybill-fixture-gem-lib-shared (~> 0.9)
    waybill-fixture-gem-lib-kappa (2.4.1)
      waybill-fixture-gem-lib-emitter (~> 0.7)
      waybill-fixture-gem-lib-theta (~> 1.3)
    waybill-fixture-gem-lib-lambda (1.0.5)
      waybill-fixture-gem-lib-parser (~> 1.5)
    waybill-fixture-gem-lib-mu (0.8.3)
      waybill-fixture-gem-lib-lambda (~> 1.0)
    waybill-fixture-gem-lib-parser (1.5.3)
      waybill-fixture-gem-lib-core (~> 1.2)
      waybill-fixture-gem-lib-utils (~> 2.0)
    waybill-fixture-gem-lib-shared (0.9.5)
    waybill-fixture-gem-lib-theta (1.3.0)
      waybill-fixture-gem-lib-eta (~> 4.0)
    waybill-fixture-gem-lib-utils (2.0.1)
      waybill-fixture-gem-lib-core (~> 1.2)
    waybill-fixture-gem-lib-x (1.0.4)
      waybill-fixture-gem-lib-shared (~> 0.9)
    waybill-fixture-gem-lib-y (2.1.3)
      waybill-fixture-gem-lib-core (~> 1.2)
      waybill-fixture-gem-lib-shared (~> 0.9)
    waybill-fixture-gem-lib-z (0.5.9)
      waybill-fixture-gem-lib-shared (~> 0.9)
    waybill-fixture-gem-lib-zeta (0.9.0)
      waybill-fixture-gem-lib-shared (~> 0.9)
    waybill-fixture-gem-plugin-one (0.3.0)
      waybill-fixture-gem-lib-utils (~> 2.0)
    waybill-fixture-gem-plugin-three (2.0.0)
      waybill-fixture-gem-lib-emitter (~> 0.7)
      waybill-fixture-gem-plugin-two (~> 1.0)
    waybill-fixture-gem-plugin-two (1.0.1)
      waybill-fixture-gem-plugin-one (~> 0.3)
    waybill-fixture-gem-server-advanced (3.0.0)
      waybill-fixture-gem-lib-parser (~> 1.5)
      waybill-fixture-gem-server-basic (~> 1.5)
    waybill-fixture-gem-server-basic (1.5.0)
      waybill-fixture-gem-lib-core (~> 1.2)
    waybill-fixture-gem-tool-formatter (1.6.0)
      waybill-fixture-gem-lib-utils (~> 2.0)
    waybill-fixture-gem-tool-linter (2.0.0)
      waybill-fixture-gem-lib-core (~> 1.2)
      waybill-fixture-gem-lib-parser (~> 1.5)
    waybill-fixture-gem-tool-reporter (1.2.4)
      waybill-fixture-gem-lib-emitter (~> 0.7)
      waybill-fixture-gem-lib-utils (~> 2.0)
    waybill-fixture-gem-tool-runner (0.5.1)
      waybill-fixture-gem-lib-emitter (~> 0.7)
    waybill-fixture-gem-tool-tracer (0.9.9)
      waybill-fixture-gem-lib-core (~> 1.2)

PLATFORMS
  ruby

DEPENDENCIES
  waybill-fixture-gem-adapter-a (~> 0.4)
  waybill-fixture-gem-adapter-b (~> 1.1)
  waybill-fixture-gem-adapter-c (~> 2.2)
  waybill-fixture-gem-client-advanced (~> 2.3)
  waybill-fixture-gem-client-basic (~> 1.0)
  waybill-fixture-gem-lib-alpha (~> 3.2)
  waybill-fixture-gem-lib-beta (~> 1.0)
  waybill-fixture-gem-lib-core (~> 1.2)
  waybill-fixture-gem-lib-delta (~> 2.7)
  waybill-fixture-gem-lib-emitter (~> 0.7)
  waybill-fixture-gem-lib-epsilon (~> 1.1)
  waybill-fixture-gem-lib-eta (~> 4.0)
  waybill-fixture-gem-lib-gamma (~> 0.4)
  waybill-fixture-gem-lib-iota (~> 0.2)
  waybill-fixture-gem-lib-kappa (~> 2.4)
  waybill-fixture-gem-lib-lambda (~> 1.0)
  waybill-fixture-gem-lib-mu (~> 0.8)
  waybill-fixture-gem-lib-parser (~> 1.5)
  waybill-fixture-gem-lib-shared (~> 0.9)
  waybill-fixture-gem-lib-theta (~> 1.3)
  waybill-fixture-gem-lib-utils (~> 2.0)
  waybill-fixture-gem-lib-x (~> 1.0)
  waybill-fixture-gem-lib-y (~> 2.1)
  waybill-fixture-gem-lib-z (~> 0.5)
  waybill-fixture-gem-lib-zeta (~> 0.9)
  waybill-fixture-gem-plugin-one (~> 0.3)
  waybill-fixture-gem-plugin-three (~> 2.0)
  waybill-fixture-gem-plugin-two (~> 1.0)
  waybill-fixture-gem-server-advanced (~> 3.0)
  waybill-fixture-gem-server-basic (~> 1.5)
  waybill-fixture-gem-tool-formatter (~> 1.6)
  waybill-fixture-gem-tool-linter (~> 2.0)
  waybill-fixture-gem-tool-reporter (~> 1.2)
  waybill-fixture-gem-tool-runner (~> 0.5)
  waybill-fixture-gem-tool-tracer (~> 0.9)

BUNDLED WITH
   2.5.11
