GEM
  remote: https://rubygems.org/
  specs:
    waybill-fixture-gem-lib-shared (0.9.0)
    waybill-fixture-gem-lib-x (1.0.0)
    waybill-fixture-gem-lib-y (2.1.0)
      waybill-fixture-gem-lib-shared (~> 0.9)
    waybill-fixture-gem-lib-z (0.5.3)
      waybill-fixture-gem-lib-shared (~> 0.9)

PLATFORMS
  ruby

DEPENDENCIES
  waybill-fixture-gem-lib-x (~> 1.0)
  waybill-fixture-gem-lib-y (~> 2.1)
  waybill-fixture-gem-lib-z (~> 0.5)

BUNDLED WITH
   2.5.11
