# This is a Gradle generated file for dependency locking.
# Manual edits can break the build and are not advised.
# This file is expected to be part of source control.
dev.kusari.waybill.fixture.gradle:waybill-fixture-gradle-lib-c-alpha:1.2.0=runtimeClasspath
dev.kusari.waybill.fixture.gradle:waybill-fixture-gradle-lib-c-beta:1.2.1=runtimeClasspath
dev.kusari.waybill.fixture.gradle:waybill-fixture-gradle-lib-c-delta:1.2.3=runtimeClasspath
dev.kusari.waybill.fixture.gradle:waybill-fixture-gradle-lib-c-epsilon:1.2.4=runtimeClasspath
dev.kusari.waybill.fixture.gradle:waybill-fixture-gradle-lib-c-eta:1.2.6=runtimeClasspath
dev.kusari.waybill.fixture.gradle:waybill-fixture-gradle-lib-c-gamma:1.2.2=runtimeClasspath
dev.kusari.waybill.fixture.gradle:waybill-fixture-gradle-lib-c-theta:1.2.7=runtimeClasspath
dev.kusari.waybill.fixture.gradle:waybill-fixture-gradle-lib-c-zeta:1.2.5=runtimeClasspath
dev.kusari.waybill.fixture.gradle:waybill-fixture-gradle-lib-common:0.9.0=runtimeClasspath
dev.kusari.waybill.fixture.gradle:waybill-fixture-gradle-lib-shared:0.9.0=runtimeClasspath
empty=annotationProcessor,compileClasspath,testAnnotationProcessor,testCompileClasspath
