{
  "version": "0.5",
  "requires": [
    "waybill-fixture-conan-lib-shared/0.9.0#0000000000000000000000000000000000000000",
    "waybill-fixture-conan-lib-x/1.0.0#0000000000000000000000000000000000000000",
    "waybill-fixture-conan-lib-y/2.1.0#1111111111111111111111111111111111111111",
    "waybill-fixture-conan-lib-z/0.5.3#2222222222222222222222222222222222222222",
    "waybill-fixture-conan-lib-alpha/1.2.4#3333333333333333333333333333333333333333",
    "waybill-fixture-conan-lib-beta/2.0.1#4444444444444444444444444444444444444444",
    "waybill-fixture-conan-lib-gamma/0.7.9#5555555555555555555555555555555555555555",
    "waybill-fixture-conan-lib-delta/3.14.0#6666666666666666666666666666666666666666",
    "waybill-fixture-conan-lib-epsilon/1.1.1#7777777777777777777777777777777777777777",
    "waybill-fixture-conan-lib-zeta/0.4.2#8888888888888888888888888888888888888888",
    "waybill-fixture-conan-lib-eta/2.5.0#9999999999999999999999999999999999999999",
    "waybill-fixture-conan-lib-theta/1.0.5#aaaaaaaaaaaaaaaaaaaaaaaaaaaaaaaaaaaaaaaa",
    "waybill-fixture-conan-lib-iota/0.8.3#bbbbbbbbbbbbbbbbbbbbbbbbbbbbbbbbbbbbbbbb",
    "waybill-fixture-conan-lib-kappa/4.2.0#cccccccccccccccccccccccccccccccccccccccc",
    "waybill-fixture-conan-lib-lambda/1.6.7#dddddddddddddddddddddddddddddddddddddddd",
    "waybill-fixture-conan-lib-mu/2.9.1#eeeeeeeeeeeeeeeeeeeeeeeeeeeeeeeeeeeeeeee",
    "waybill-fixture-conan-lib-nu/0.3.8#ffffffffffffffffffffffffffffffffffffffff",
    "waybill-fixture-conan-lib-xi/1.4.2#0101010101010101010101010101010101010101",
    "waybill-fixture-conan-lib-omicron/0.9.9#0202020202020202020202020202020202020202",
    "waybill-fixture-conan-lib-pi/3.1.4#0303030303030303030303030303030303030303",
    "waybill-fixture-conan-lib-rho/1.7.3#0404040404040404040404040404040404040404",
    "waybill-fixture-conan-lib-sigma/2.2.2#0505050505050505050505050505050505050505",
    "waybill-fixture-conan-lib-tau/0.6.1#0606060606060606060606060606060606060606",
    "waybill-fixture-conan-lib-upsilon/1.3.0#0707070707070707070707070707070707070707",
    "waybill-fixture-conan-lib-phi/2.8.5#0808080808080808080808080808080808080808",
    "waybill-fixture-conan-lib-chi/0.5.7#0909090909090909090909090909090909090909",
    "waybill-fixture-conan-lib-psi/1.0.0#1010101010101010101010101010101010101010",
    "waybill-fixture-conan-lib-omega/3.0.3#1212121212121212121212121212121212121212",
    "waybill-fixture-conan-lib-network/1.5.2#1313131313131313131313131313131313131313",
    "waybill-fixture-conan-lib-serializer/0.8.4#1414141414141414141414141414141414141414",
    "waybill-fixture-conan-lib-parser/2.1.6#1515151515151515151515151515151515151515",
    "waybill-fixture-conan-lib-crypto/1.9.0#1616161616161616161616161616161616161616",
    "waybill-fixture-conan-lib-transitive-a/0.1.0#1717171717171717171717171717171717171717",
    "waybill-fixture-conan-lib-transitive-b/0.2.0#1818181818181818181818181818181818181818",
    "waybill-fixture-conan-lib-transitive-c/0.3.0#1919191919191919191919191919191919191919"
  ],
  "build_requires": [
    "waybill-fixture-conan-tool-build/1.0.0#2020202020202020202020202020202020202020",
    "waybill-fixture-conan-tool-codegen/2.3.1#2121212121212121212121212121212121212121",
    "waybill-fixture-conan-tool-lint/0.4.8#2323232323232323232323232323232323232323"
  ],
  "python_requires": [],
  "config_requires": []
}
