{
  "name": "frontend",
  "version": "0.1.0",
  "lockfileVersion": 3,
  "requires": true,
  "packages": {
    "": {
      "name": "frontend",
      "version": "0.1.0",
      "dependencies": {
        "react": "^18.2.0",
        "axios": "^1.6.0"
      },
      "devDependencies": {
        "vite": "^5.0.0"
      }
    },
    "node_modules/axios": {
      "version": "1.6.2",
      "resolved": "https://registry.npmjs.org/axios/-/axios-1.6.2.tgz",
      "integrity": "sha512-7hQX2/T2kZ8g6ha4kkx6dENkAeOrQAT4mRGz3nJxO0P3/0I2JJTiGkvX9n3c+zf7uFbZVvZ+7E4vTeLHP9LYng==",
      "license": "MIT"
    },
    "node_modules/react": {
      "version": "18.2.0",
      "resolved": "https://registry.npmjs.org/react/-/react-18.2.0.tgz",
      "integrity": "sha512-/3IjMdb2L9QbBdWiW5e3P2/npwMBaU9mHCSCUzNln0ZCYbcfTsGbTJrU/kGemdH2IWmB2ioZ+zkxtmq6g09fGQ==",
      "license": "MIT"
    },
    "node_modules/vite": {
      "version": "5.0.10",
      "resolved": "https://registry.npmjs.org/vite/-/vite-5.0.10.tgz",
      "integrity": "sha512-2P8J7WWgmNVZ0DPxMUjftqDc9nwgcYFR0qh06zefI0PIFHOJbaysZOuKqpzDLR/jCCaGmbaD6vQvgrV1NoHHoA==",
      "license": "MIT",
      "dev": true
    }
  }
}
