{
  "version": 1,
  "dependencies": {
    "net8.0": {
      "Waybill.Fixture.Nuget.LibX": {
        "type": "Direct",
        "requested": "[1.0.0, )",
        "resolved": "1.0.0",
        "contentHash": "LLLLLLLLLLLLLLLLLLLLLLLLLLLLLLLLLLLLLLLLLLLLLLLLLLLLLLLLLLLLLLLLLLLLLLLLLLLLLLLLLLLLLL=="
      },
      "Waybill.Fixture.Nuget.LibY": {
        "type": "Direct",
        "requested": "[2.1.0, )",
        "resolved": "2.1.0",
        "contentHash": "LLLLLLLLLLLLLLLLLLLLLLLLLLLLLLLLLLLLLLLLLLLLLLLLLLLLLLLLLLLLLLLLLLLLLLLLLLLLLLLLLLLLLL==",
        "dependencies": {
          "Waybill.Fixture.Nuget.LibShared": "0.9.0"
        }
      },
      "Waybill.Fixture.Nuget.Alpha": {
        "type": "Direct",
        "requested": "[1.4.2, )",
        "resolved": "1.4.2",
        "contentHash": "AAAAAAAAAAAAAAAAAAAAAAAAAAAAAAAAAAAAAAAAAAAAAAAAAAAAAAAAAAAAAAAAAAAAAAAAAAAAAAAAAAAAAA=="
      },
      "Waybill.Fixture.Nuget.Beta": {
        "type": "Direct",
        "requested": "[3.0.1, )",
        "resolved": "3.0.1",
        "contentHash": "BBBBBBBBBBBBBBBBBBBBBBBBBBBBBBBBBBBBBBBBBBBBBBBBBBBBBBBBBBBBBBBBBBBBBBBBBBBBBBBBBBBBBB==",
        "dependencies": {
          "Waybill.Fixture.Nuget.LibShared": "0.9.0"
        }
      },
      "Waybill.Fixture.Nuget.Gamma": {
        "type": "Direct",
        "requested": "[0.7.9, )",
        "resolved": "0.7.9",
        "contentHash": "GGGGGGGGGGGGGGGGGGGGGGGGGGGGGGGGGGGGGGGGGGGGGGGGGGGGGGGGGGGGGGGGGGGGGGGGGGGGGGGGGGGGGG=="
      },
      "Waybill.Fixture.Nuget.Delta": {
        "type": "Direct",
        "requested": "[2.2.0, )",
        "resolved": "2.2.0",
        "contentHash": "DDDDDDDDDDDDDDDDDDDDDDDDDDDDDDDDDDDDDDDDDDDDDDDDDDDDDDDDDDDDDDDDDDDDDDDDDDDDDDDDDDDDDD==",
        "dependencies": {
          "Waybill.Fixture.Nuget.LibShared": "0.9.0"
        }
      },
      "Waybill.Fixture.Nuget.Epsilon": {
        "type": "Direct",
        "requested": "[1.1.5, )",
        "resolved": "1.1.5",
        "contentHash": "EEEEEEEEEEEEEEEEEEEEEEEEEEEEEEEEEEEEEEEEEEEEEEEEEEEEEEEEEEEEEEEEEEEEEEEEEEEEEEEEEEEEEE=="
      },
      "Waybill.Fixture.Nuget.Zeta": {
        "type": "Direct",
        "requested": "[0.3.8, )",
        "resolved": "0.3.8",
        "contentHash": "ZZZZZZZZZZZZZZZZZZZZZZZZZZZZZZZZZZZZZZZZZZZZZZZZZZZZZZZZZZZZZZZZZZZZZZZZZZZZZZZZZZZZZZ==",
        "dependencies": {
          "Waybill.Fixture.Nuget.LibShared": "0.9.0"
        }
      },
      "Waybill.Fixture.Nuget.Eta": {
        "type": "Direct",
        "requested": "[4.0.0, )",
        "resolved": "4.0.0",
        "contentHash": "EEEEEEEEEEEEEEEEEEEEEEEEEEEEEEEEEEEEEEEEEEEEEEEEEEEEEEEEEEEEEEEEEEEEEEEEEEEEEEEEEEEEEE=="
      },
      "Waybill.Fixture.Nuget.LibShared": {
        "type": "Transitive",
        "resolved": "0.9.0",
        "contentHash": "SSSSSSSSSSSSSSSSSSSSSSSSSSSSSSSSSSSSSSSSSSSSSSSSSSSSSSSSSSSSSSSSSSSSSSSSSSSSSSSSSSSSSS=="
      }
    }
  }
}
