{
  "version": 1,
  "dependencies": {
    "net8.0": {
      "Waybill.Fixture.Nuget.LibX": {
        "type": "Direct",
        "requested": "[1.0.0, )",
        "resolved": "1.0.0",
        "contentHash": "AAAAAAAAAAAAAAAAAAAAAAAAAAAAAAAAAAAAAAAAAAAAAAAAAAAAAAAAAAAAAAAAAAAAAAAAAAAAAAAAAAAAAAAAAAAAAAAAAAAAAA=="
      },
      "Waybill.Fixture.Nuget.LibY": {
        "type": "Direct",
        "requested": "[2.1.0, )",
        "resolved": "2.1.0",
        "contentHash": "BBBBBBBBBBBBBBBBBBBBBBBBBBBBBBBBBBBBBBBBBBBBBBBBBBBBBBBBBBBBBBBBBBBBBBBBBBBBBBBBBBBBBBBBBBBBBBBBBBBBBB==",
        "dependencies": {
          "Waybill.Fixture.Nuget.LibShared": "0.9.0"
        }
      },
      "Waybill.Fixture.Nuget.LibShared": {
        "type": "Transitive",
        "resolved": "0.9.0",
        "contentHash": "CCCCCCCCCCCCCCCCCCCCCCCCCCCCCCCCCCCCCCCCCCCCCCCCCCCCCCCCCCCCCCCCCCCCCCCCCCCCCCCCCCCCCCCCCCCCCCCCCCCCCC=="
      }
    }
  }
}
