{
  "version": 1,
  "dependencies": {
    "net8.0": {
      "Waybill.Fixture.Nuget.LibZ": {
        "type": "Direct",
        "requested": "[0.5.3, )",
        "resolved": "0.5.3",
        "contentHash": "LLLLLLLLLLLLLLLLLLLLLLLLLLLLLLLLLLLLLLLLLLLLLLLLLLLLLLLLLLLLLLLLLLLLLLLLLLLLLLLLLLLLLL=="
      },
      "Waybill.Fixture.Nuget.Theta": {
        "type": "Direct",
        "requested": "[1.2.3, )",
        "resolved": "1.2.3",
        "contentHash": "TTTTTTTTTTTTTTTTTTTTTTTTTTTTTTTTTTTTTTTTTTTTTTTTTTTTTTTTTTTTTTTTTTTTTTTTTTTTTTTTTTTTTT==",
        "dependencies": {
          "Waybill.Fixture.Nuget.LibShared": "0.9.0"
        }
      },
      "Waybill.Fixture.Nuget.Iota": {
        "type": "Direct",
        "requested": "[2.0.0, )",
        "resolved": "2.0.0",
        "contentHash": "IIIIIIIIIIIIIIIIIIIIIIIIIIIIIIIIIIIIIIIIIIIIIIIIIIIIIIIIIIIIIIIIIIIIIIIIIIIIIIIIIIIIII=="
      },
      "Waybill.Fixture.Nuget.Kappa": {
        "type": "Direct",
        "requested": "[1.9.9, )",
        "resolved": "1.9.9",
        "contentHash": "KKKKKKKKKKKKKKKKKKKKKKKKKKKKKKKKKKKKKKKKKKKKKKKKKKKKKKKKKKKKKKKKKKKKKKKKKKKKKKKKKKKKKK==",
        "dependencies": {
          "Waybill.Fixture.Nuget.LibShared": "0.9.0"
        }
      },
      "Waybill.Fixture.Nuget.Lambda": {
        "type": "Direct",
        "requested": "[3.5.1, )",
        "resolved": "3.5.1",
        "contentHash": "LLLLLLLLLLLLLLLLLLLLLLLLLLLLLLLLLLLLLLLLLLLLLLLLLLLLLLLLLLLLLLLLLLLLLLLLLLLLLLLLLLLLLL=="
      },
      "Waybill.Fixture.Nuget.Mu": {
        "type": "Direct",
        "requested": "[0.1.4, )",
        "resolved": "0.1.4",
        "contentHash": "MMMMMMMMMMMMMMMMMMMMMMMMMMMMMMMMMMMMMMMMMMMMMMMMMMMMMMMMMMMMMMMMMMMMMMMMMMMMMMMMMMMMMM==",
        "dependencies": {
          "Waybill.Fixture.Nuget.LibShared": "0.9.0"
        }
      },
      "Waybill.Fixture.Nuget.Nu": {
        "type": "Direct",
        "requested": "[1.0.7, )",
        "resolved": "1.0.7",
        "contentHash": "NNNNNNNNNNNNNNNNNNNNNNNNNNNNNNNNNNNNNNNNNNNNNNNNNNNNNNNNNNNNNNNNNNNNNNNNNNNNNNNNNNNNNN=="
      },
      "Waybill.Fixture.Nuget.Xi": {
        "type": "Direct",
        "requested": "[2.3.6, )",
        "resolved": "2.3.6",
        "contentHash": "XXXXXXXXXXXXXXXXXXXXXXXXXXXXXXXXXXXXXXXXXXXXXXXXXXXXXXXXXXXXXXXXXXXXXXXXXXXXXXXXXXXXXX==",
        "dependencies": {
          "Waybill.Fixture.Nuget.LibShared": "0.9.0"
        }
      },
      "Waybill.Fixture.Nuget.LibShared": {
        "type": "Transitive",
        "resolved": "0.9.0",
        "contentHash": "SSSSSSSSSSSSSSSSSSSSSSSSSSSSSSSSSSSSSSSSSSSSSSSSSSSSSSSSSSSSSSSSSSSSSSSSSSSSSSSSSSSSSS=="
      }
    }
  }
}
