github.com/kusari-oss/waybill-fixture-go-backoff v0.4.2 h1:Ajiu87o5M53C0JcRYwMjK0Dlii458rPu8HLq/G2bIcQ=
github.com/kusari-oss/waybill-fixture-go-backoff v0.4.2/go.mod h1:z3z8ELX4epwcHeuNxzZWrpTEq+/tOyd2BoOwsoKrG4Y=
github.com/kusari-oss/waybill-fixture-go-base64-codec v0.2.2 h1:BoGxDITt12Y8YUvsCqvVhue3lVC4cWUL/5CwuLjvDWY=
github.com/kusari-oss/waybill-fixture-go-base64-codec v0.2.2/go.mod h1:FPbvQ1upEzfaWk2nWIj+BK6MHG5lX8TKyaW6qtvZuZ8=
github.com/kusari-oss/waybill-fixture-go-byteutil v0.2.0 h1:ftkb+taoHzziy6u4bwwXTCPx6FuNoO2NxoTp5y03t+s=
github.com/kusari-oss/waybill-fixture-go-byteutil v0.2.0/go.mod h1:DYA0VX1Nc/AJzp56pn5ccJq1zFDXEaWT3tm8vZVX7Rs=
github.com/kusari-oss/waybill-fixture-go-cache v0.3.8 h1:EciEwTI8OTWXfvXe+UY/ueOOyy5PGglsI11pXadg7FI=
github.com/kusari-oss/waybill-fixture-go-cache v0.3.8/go.mod h1:e1nFaZilIYz0E0Dfc+10yPMR5Q55PvOCeYHnjxy5394=
github.com/kusari-oss/waybill-fixture-go-channels v0.6.0 h1:vsdgGfGtHjdSAh9Gvp20KBkRAT6rIc04+k0q8BzKItk=
github.com/kusari-oss/waybill-fixture-go-channels v0.6.0/go.mod h1:K0yJB7zQEdcgohxYeqeUihZ7vIgXoyyn9gE1xh+WYkI=
github.com/kusari-oss/waybill-fixture-go-cli-parser v1.6.0 h1:jLCeRYZGXPlFu6DsZ6+vMmjBsqqN85poalrRJOdhVoQ=
github.com/kusari-oss/waybill-fixture-go-cli-parser v1.6.0/go.mod h1:p43W5Y6EyYjJgxSc+I6qYdffP3h3HXmvGhri24rJMFA=
github.com/kusari-oss/waybill-fixture-go-config v1.0.5 h1:ZG1pUOVCOgAfh2l2FDqT5lAQzHpiGqdLB2vBB4Ip8QA=
github.com/kusari-oss/waybill-fixture-go-config v1.0.5/go.mod h1:j2xjKCWP4/bIZK1YBgFrKCTlxpt417l0e7Q1eq9ve9Y=
github.com/kusari-oss/waybill-fixture-go-crypto-util v1.3.0 h1:yHK7ooW5gunX0lXf6zt+m6bl2yRETtpzH4QsV7oBqjo=
github.com/kusari-oss/waybill-fixture-go-crypto-util v1.3.0/go.mod h1:7XPV15bLHQWfuKSht2xPGn8oBzvj6qQzITKiaVSsCqE=
github.com/kusari-oss/waybill-fixture-go-db-driver v2.0.4+incompatible h1:ktqw+9wUu2310CcNxJq8EimWcs1psu1yuri3OZdVyaY=
github.com/kusari-oss/waybill-fixture-go-db-driver v2.0.4+incompatible/go.mod h1:+e8KlCw23t2NRCYXkYwd2Q0xaGLKRiNWpyhfAiCYsGw=
github.com/kusari-oss/waybill-fixture-go-errors-wrap v1.0.2 h1:hsQiK4EDZkH35m9gs9nTwRRgergLEKtYSj3YcOUv2B4=
github.com/kusari-oss/waybill-fixture-go-errors-wrap v1.0.2/go.mod h1:72MGNupLLVgb29KP6Udg9sNCpXwMwYaUiCqXCNBEahE=
github.com/kusari-oss/waybill-fixture-go-fs-util v0.6.2 h1:9gTH66Fl5S481HtycPc2aepn/r3Q6ArH71F753q6EoU=
github.com/kusari-oss/waybill-fixture-go-fs-util v0.6.2/go.mod h1:fzppQ6OrfAMc2S0oD+Yq0VjA5YZn5vvJFTCliczt30U=
github.com/kusari-oss/waybill-fixture-go-hex-codec v0.1.0 h1:pThkOIvwl81eo6MOPX/JZqjde8DErmjEylzvXXse1V8=
github.com/kusari-oss/waybill-fixture-go-hex-codec v0.1.0/go.mod h1:2DwSXgxK1OK2XANWw68RZieUrdD7hVC7URpfsRkLG4w=
github.com/kusari-oss/waybill-fixture-go-http-server v1.4.2 h1:oyEH/YGACxxUUuhVvHlJYTXcYRHYT5DKYCEI4hFubaw=
github.com/kusari-oss/waybill-fixture-go-http-server v1.4.2/go.mod h1:Lsgtiqju+2dEPwlrHyjfWLg1wbLPvCf9TQKORsHIh5w=
github.com/kusari-oss/waybill-fixture-go-json-tools v0.4.7 h1:q7zWo1bOkKWFOv2ggD73Uxew0O8fMklz5tHJ4x+lmwM=
github.com/kusari-oss/waybill-fixture-go-json-tools v0.4.7/go.mod h1:lLTq7TdGFV9o2/WrWGvrUmIiI48CgBvtvLIzEmfiGRA=
github.com/kusari-oss/waybill-fixture-go-lib-shared v0.9.0 h1:fux2AI5afouGkaK77lVsdspSZdWhqLIHvy6TW4POduY=
github.com/kusari-oss/waybill-fixture-go-lib-shared v0.9.0/go.mod h1:pmV5kgROo9etNIe66qQlfFOTMkXwOx5a3jhR8KpYHQI=
github.com/kusari-oss/waybill-fixture-go-lib-x v1.0.0 h1:Q6EeYE7JjlFaL7am2LrUPMszIiXOcngpaKJ7SeJLuMQ=
github.com/kusari-oss/waybill-fixture-go-lib-x v1.0.0/go.mod h1:PoOx7aW1apEu2o4xv+OGTE8ZhOdAb/XsY5arxXEnvtA=
github.com/kusari-oss/waybill-fixture-go-lib-y v2.1.0+incompatible h1:wHu7h1vQyC7Udb2EFM4zsI/ZyqpsktQQCrj37i6fqmo=
github.com/kusari-oss/waybill-fixture-go-lib-y v2.1.0+incompatible/go.mod h1:5ckMCFVZVAYmS+8JWF/v7prsn8GFz7MjZ/885uEs1u8=
github.com/kusari-oss/waybill-fixture-go-lib-z v0.5.3 h1:7m03LiyXir6QDQCQTloP4+6Y1B03eKXtJwcjnctXAOs=
github.com/kusari-oss/waybill-fixture-go-lib-z v0.5.3/go.mod h1:jQd6+jdF+oJQWwF2kFkyEOOBmqCx6ATXtjbCojgnNh8=
github.com/kusari-oss/waybill-fixture-go-logger v0.11.0 h1:B6QmtV/UVUBGaD7lAuHe7gR04vLVwXhxxi2wBB33T0c=
github.com/kusari-oss/waybill-fixture-go-logger v0.11.0/go.mod h1:fuMNu1KxOSvRhehYVehkj8v9lZ5JnPf+BKAmmmhVTlU=
github.com/kusari-oss/waybill-fixture-go-mathext v0.1.5 h1:an6RvsPdJuRkqB9ij3X93pFSL+K7i+Od0A9kqJHlIXA=
github.com/kusari-oss/waybill-fixture-go-mathext v0.1.5/go.mod h1:v6rxznm9EFU6ydNUdQuet4RVZqJ51INN7/a9xuEYFFA=
github.com/kusari-oss/waybill-fixture-go-metrics v0.7.1 h1:ZvozxkArr/asp7A/QFc2uCcShX/3KNgmUjBG7o+czOY=
github.com/kusari-oss/waybill-fixture-go-metrics v0.7.1/go.mod h1:k/sLwBuDJHBFvw4pyTGtSZCdddWtsUTPKLtYSewBCNw=
github.com/kusari-oss/waybill-fixture-go-mock-server v0.3.4 h1:kzqe5Q9n+5weIocEIl2ev4tiNK6za5WUYDvVHo2Bi5M=
github.com/kusari-oss/waybill-fixture-go-mock-server v0.3.4/go.mod h1:oRig3lkprezLG/VwcqWyHC5OvzmUBdsuOmbuKf6Zk2g=
github.com/kusari-oss/waybill-fixture-go-net-util v1.0.11 h1:qgpuT73CvNQqmCoH0O3Z549yWkar7BdncjtNsScLiJo=
github.com/kusari-oss/waybill-fixture-go-net-util v1.0.11/go.mod h1:cwS+YtVoIzZ34te5k++gB2zjkucoTHnWkVQ7pIwkLeI=
github.com/kusari-oss/waybill-fixture-go-path-util v0.5.0 h1:8Ikucn+0D5/D/kHVa5cpzcziF7Cdufi2xKIlkVqqrb0=
github.com/kusari-oss/waybill-fixture-go-path-util v0.5.0/go.mod h1:7K59OOihGNs1QemoDRiT/KvIIesSvM3OlQFuChv3LVQ=
github.com/kusari-oss/waybill-fixture-go-retry v1.0.0 h1:ybClq6+50re0Pq8Qfe/G9P5knS8zI8kbkkv++0w1/5E=
github.com/kusari-oss/waybill-fixture-go-retry v1.0.0/go.mod h1:0ceKTpmmj4ZqvgsXKLGoTcgILSWrw9me1rNLBet4XYM=
github.com/kusari-oss/waybill-fixture-go-router v1.2.0 h1:cODxMSsFwtjkPvciQzcxXgeASO8Ydn9iINCtL8zgfNI=
github.com/kusari-oss/waybill-fixture-go-router v1.2.0/go.mod h1:CTTRIZAwLaza5y9xqYlLm6O46Qzw3voJuzWBWWV/Lm8=
github.com/kusari-oss/waybill-fixture-go-stringutil v0.3.1 h1:E/Lc2RtKnL3PSuBX7hzV/vRM5A4zn5ckRwD8AAzfP+4=
github.com/kusari-oss/waybill-fixture-go-stringutil v0.3.1/go.mod h1:GxQ5WvVo5zqZ+tg7u2DSIhcXHmU71SBtJC7+3OIkLYU=
github.com/kusari-oss/waybill-fixture-go-sync-primitives v0.4.3 h1:+6nMXCuDi2Fv7g6mjyctqAWi4GILQAZno572Jr5I4Ic=
github.com/kusari-oss/waybill-fixture-go-sync-primitives v0.4.3/go.mod h1:P5osMf05jeAe21xH2zgjdQ8uv5NYwl/WIp6am1owfGQ=
github.com/kusari-oss/waybill-fixture-go-test-helper v0.2.1 h1:OYgkyY+5IaghHTX1MiSjVDn75FCpPwJJHATuAPmG+rY=
github.com/kusari-oss/waybill-fixture-go-test-helper v0.2.1/go.mod h1:LnUf3n15xZVS0p4vRTlnusyC/LgV/aOfY/063L/So/0=
github.com/kusari-oss/waybill-fixture-go-time-util v0.8.4 h1:PRTwoPU81Q3m5X8jVj2YcG1fPOorEzAgR6jcva7neTA=
github.com/kusari-oss/waybill-fixture-go-time-util v0.8.4/go.mod h1:wOElACw7+UPRal+3k63cbSF1VkoPUF+aiyPK13dxx+I=
github.com/kusari-oss/waybill-fixture-go-toml-tools v0.2.9 h1:PGX5q97r0uSXuk2JAyKOw55vxE9bJvYuFcU2ZFL425Q=
github.com/kusari-oss/waybill-fixture-go-toml-tools v0.2.9/go.mod h1:TY+MVy3ZeywHTVeN6nYBO/4ovBC3MTTYJ4qrlVtY4qc=
github.com/kusari-oss/waybill-fixture-go-tracer v0.9.2 h1:4+ejPWL7fG99FELZVh254a1AM+CoVFfP/0kwXEZEAMk=
github.com/kusari-oss/waybill-fixture-go-tracer v0.9.2/go.mod h1:4SehjE7GrvOApxa6ankmzZGo9ENZQ4WykGgVi5WZ1e4=
github.com/kusari-oss/waybill-fixture-go-uuid-gen v1.2.0 h1:JKFpv5WG5p8LSx/MLtf6S/MLVgTxeM+bcuWy3dNJDP8=
github.com/kusari-oss/waybill-fixture-go-uuid-gen v1.2.0/go.mod h1:yo6q83mtpqbkmXvW/CnSpcpsutgDqp54iysZJeSDM4k=
github.com/kusari-oss/waybill-fixture-go-validator v1.1.3 h1:a1ehTzaq+qnA6XT+zkSvoTnPz6f40/xUsNowhXCvD9c=
github.com/kusari-oss/waybill-fixture-go-validator v1.1.3/go.mod h1:SDWPIPUeSzCsUpgfNOQIOVxjiE1tfVnhqG82TVDAFPE=
github.com/kusari-oss/waybill-fixture-go-yaml-tools v0.5.1 h1:RNqEnjOjTqw5OEmjXjl2CCjRbe1NPN1YMbtFL41ATDM=
github.com/kusari-oss/waybill-fixture-go-yaml-tools v0.5.1/go.mod h1:qqJtwyX6OCj1RGR9e0jTWxdpZHCNCAZC9BES1Gg+m7U=
