github.com/kusari-oss/waybill-fixture-go-lib-shared v0.9.0 h1:AAAAAAAAAAAAAAAAAAAAAAAAAAAAAAAAAAAAAAAAAAA=
github.com/kusari-oss/waybill-fixture-go-lib-shared v0.9.0/go.mod h1:BBBBBBBBBBBBBBBBBBBBBBBBBBBBBBBBBBBBBBBBBBB=
github.com/kusari-oss/waybill-fixture-go-lib-x v1.0.0 h1:CCCCCCCCCCCCCCCCCCCCCCCCCCCCCCCCCCCCCCCCCCC=
github.com/kusari-oss/waybill-fixture-go-lib-x v1.0.0/go.mod h1:DDDDDDDDDDDDDDDDDDDDDDDDDDDDDDDDDDDDDDDDDDD=
github.com/kusari-oss/waybill-fixture-go-lib-y v2.1.0+incompatible h1:EEEEEEEEEEEEEEEEEEEEEEEEEEEEEEEEEEEEEEEEEEE=
github.com/kusari-oss/waybill-fixture-go-lib-y v2.1.0+incompatible/go.mod h1:FFFFFFFFFFFFFFFFFFFFFFFFFFFFFFFFFFFFFFFFFFF=
github.com/kusari-oss/waybill-fixture-go-lib-z v0.5.3 h1:GGGGGGGGGGGGGGGGGGGGGGGGGGGGGGGGGGGGGGGGGGG=
github.com/kusari-oss/waybill-fixture-go-lib-z v0.5.3/go.mod h1:HHHHHHHHHHHHHHHHHHHHHHHHHHHHHHHHHHHHHHHHHHH=
