# This is a Gradle generated file for dependency locking.
# Manual edits can break the build and are not advised.
# This file is expected to be part of source control.
dev.kusari.waybill.fixture.gradle:waybill-fixture-gradle-lib-b-alpha:1.1.0=runtimeClasspath
dev.kusari.waybill.fixture.gradle:waybill-fixture-gradle-lib-b-beta:1.1.1=runtimeClasspath
dev.kusari.waybill.fixture.gradle:waybill-fixture-gradle-lib-b-delta:1.1.3=runtimeClasspath
dev.kusari.waybill.fixture.gradle:waybill-fixture-gradle-lib-b-epsilon:1.1.4=runtimeClasspath
dev.kusari.waybill.fixture.gradle:waybill-fixture-gradle-lib-b-eta:1.1.6=runtimeClasspath
dev.kusari.waybill.fixture.gradle:waybill-fixture-gradle-lib-b-gamma:1.1.2=runtimeClasspath
dev.kusari.waybill.fixture.gradle:waybill-fixture-gradle-lib-b-zeta:1.1.5=runtimeClasspath
dev.kusari.waybill.fixture.gradle:waybill-fixture-gradle-lib-common:0.9.0=runtimeClasspath
dev.kusari.waybill.fixture.gradle:waybill-fixture-gradle-lib-shared:0.9.0=runtimeClasspath
empty=annotationProcessor,compileClasspath,testAnnotationProcessor,testCompileClasspath
