# This file is @generated automatically by Poetry (synthetic — waybill m669).

[[package]]
name = "waybill-fixture-pip-lib-x"
version = "1.0.0"
description = "Synthetic fixture package"
optional = false
python-versions = ">=3.10"
files = [
    {file = "waybill_fixture_pip_lib_x-1.0.0-py3-none-any.whl", hash = "sha256:0000000000000000000000000000000000000000000000000000000000000001"},
]

[[package]]
name = "waybill-fixture-pip-lib-y"
version = "2.1.0"
description = "Synthetic fixture package"
optional = false
python-versions = ">=3.10"
files = [
    {file = "waybill_fixture_pip_lib_y-2.1.0-py3-none-any.whl", hash = "sha256:0000000000000000000000000000000000000000000000000000000000000002"},
]

[package.dependencies]
waybill-fixture-pip-lib-shared = ">=0.9.0"

[[package]]
name = "waybill-fixture-pip-lib-z"
version = "0.5.3"
description = "Synthetic fixture package"
optional = false
python-versions = ">=3.10"
files = [
    {file = "waybill_fixture_pip_lib_z-0.5.3-py3-none-any.whl", hash = "sha256:0000000000000000000000000000000000000000000000000000000000000003"},
]

[package.dependencies]
waybill-fixture-pip-lib-shared = ">=0.9.0"

[[package]]
name = "waybill-fixture-pip-lib-shared"
version = "0.9.0"
description = "Synthetic fixture package"
optional = false
python-versions = ">=3.10"
files = [
    {file = "waybill_fixture_pip_lib_shared-0.9.0-py3-none-any.whl", hash = "sha256:0000000000000000000000000000000000000000000000000000000000000004"},
]

[metadata]
lock-version = "2.0"
python-versions = "^3.10"
content-hash = "0000000000000000000000000000000000000000000000000000000000000000"
