[root]
name = "app"
version = "0.1.0"
dependencies = [
 "anyhow 1.0.0 (registry+https://github.com/rust-lang/crates.io-index)",
]

[[package]]
name = "anyhow"
version = "1.0.0"
source = "registry+https://github.com/rust-lang/crates.io-index"

[metadata]
"checksum anyhow 1.0.0 (registry+https://github.com/rust-lang/crates.io-index)" = "deadbeef"
